{
  "object": {
    "pins": [
      {
        "package": "abseil",
        "repositoryURL": "https://github.com/firebase/abseil-cpp-SwiftPM.git",
        "state": {
          "branch": null,
          "revision": "05d8107f2971a37e6c77245b7c4c6b0a7e97bc99",
          "version": null
        }
      },
      {
        "package": "BoringSSL-GRPC",
        "repositoryURL": "https://github.com/firebase/boringssl-SwiftPM.git",
        "state": {
          "branch": null,
          "revision": "7bcafa2660bc58715c39637494550d1ed7cd7229",
          "version": null
        }
      },
      {
        "package": "CodableFirebase",
        "repositoryURL": "https://github.com/alickbass/CodableFirebase",
        "state": {
          "branch": null,
          "revision": "a4cda89948db93ec21249a35ecdacab8c489a116",
          "version": "0.2.2"
        }
      },
      {
        "package": "FetchImage",
        "repositoryURL": "https://github.com/kean/FetchImage",
        "state": {
          "branch": null,
          "revision": "b9ea4f9f97a4bc9fde452cea277d25d0a4f8f6df",
          "version": "0.2.1"
        }
      },
      {
        "package": "Firebase",
        "repositoryURL": "https://github.com/firebase/firebase-ios-sdk",
        "state": {
          "branch": "7.0-spm-beta",
          "revision": "ab758f2ac842b12560354af0526e21d73235d4d3",
          "version": null
        }
      },
      {
        "package": "gRPC",
        "repositoryURL": "https://github.com/firebase/grpc-SwiftPM.git",
        "state": {
          "branch": null,
          "revision": "5bb2669317ae2183f4cb00c675423af1924f0b46",
          "version": null
        }
      },
      {
        "package": "GTMSessionFetcher",
        "repositoryURL": "https://github.com/google/gtm-session-fetcher.git",
        "state": {
          "branch": null,
          "revision": "91ed3d188eb95705fef3c249453b81f32dc557d1",
          "version": "1.5.0"
        }
      },
      {
        "package": "leveldb",
        "repositoryURL": "https://github.com/firebase/leveldb.git",
        "state": {
          "branch": null,
          "revision": "fa1f25f296a766e5a789c4dacd4798dea798b2c2",
          "version": null
        }
      },
      {
        "package": "nanopb",
        "repositoryURL": "https://github.com/nanopb/nanopb.git",
        "state": {
          "branch": null,
          "revision": "8119dfe5631f2616d11e50ead95448d12e816062",
          "version": null
        }
      },
      {
        "package": "Networking",
        "repositoryURL": "https://github.com/freshOS/Networking",
        "state": {
          "branch": null,
          "revision": "f37e76a60e9e9751f9c2b1ca5f2924004e7cdda6",
          "version": "0.3.0"
        }
      },
      {
        "package": "Nuke",
        "repositoryURL": "https://github.com/kean/Nuke.git",
        "state": {
          "branch": null,
          "revision": "a2a56211cd80614e1ac90bf2e76c5329f4f6b3d0",
          "version": "9.1.2"
        }
      },
      {
        "package": "Promises",
        "repositoryURL": "https://github.com/google/promises.git",
        "state": {
          "branch": null,
          "revision": "d8accebc8fa32f57196df191e733f946e955c549",
          "version": "1.2.11"
        }
      }
    ]
  },
  "version": 1
}
