{
  "object": {
    "pins": [
      {
        "package": "Kingfisher",
        "repositoryURL": "https://github.com/onevcat/Kingfisher",
        "state": {
          "branch": null,
          "revision": "44e891bdb61426a95e31492a67c7c0dfad1f87c5",
          "version": "7.4.1"
        }
      },
      {
        "package": "Networking",
        "repositoryURL": "https://github.com/freshOS/Networking",
        "state": {
          "branch": null,
          "revision": "d4c9298a71a4ef66683da8cf21d700482c7f284b",
          "version": "1.2.1"
        }
      }
    ]
  },
  "version": 1
}
