// !$*UTF8*$!
{
	archiveVersion = 1;
	classes = {
	};
	objectVersion = 52;
	objects = {

/* Begin PBXBuildFile section */
		991D78DE255C5911009341F1 /* Live in Frameworks */ = {isa = PBXBuildFile; productRef = 991D78DD255C5911009341F1 /* Live */; };
		9942B00A274B7839003B7382 /* LiveUI in Frameworks */ = {isa = PBXBuildFile; productRef = 9942B009274B7839003B7382 /* LiveUI */; };
		996323992747FC88001CD2D7 /* LiveApiViewModel.swift in Sources */ = {isa = PBXBuildFile; fileRef = 996323982747FC88001CD2D7 /* LiveApiViewModel.swift */; };
		9965AD402551EE6300E88127 /* AppDelegate.swift in Sources */ = {isa = PBXBuildFile; fileRef = 9965AD3F2551EE6300E88127 /* AppDelegate.swift */; };
		9965AD442551EE6300E88127 /* BasicApiViewController.swift in Sources */ = {isa = PBXBuildFile; fileRef = 9965AD432551EE6300E88127 /* BasicApiViewController.swift */; };
		9965AD492551EE6400E88127 /* Assets.xcassets in Resources */ = {isa = PBXBuildFile; fileRef = 9965AD482551EE6400E88127 /* Assets.xcassets */; };
		9965AD4C2551EE6400E88127 /* LaunchScreen.storyboard in Resources */ = {isa = PBXBuildFile; fileRef = 9965AD4A2551EE6400E88127 /* LaunchScreen.storyboard */; };
		99C70E722719C3D3003FB2F6 /* LiveApiView.swift in Sources */ = {isa = PBXBuildFile; fileRef = 99C70E712719C3D3003FB2F6 /* LiveApiView.swift */; };
/* End PBXBuildFile section */

/* Begin PBXFileReference section */
		996323982747FC88001CD2D7 /* LiveApiViewModel.swift */ = {isa = PBXFileReference; lastKnownFileType = sourcecode.swift; path = LiveApiViewModel.swift; sourceTree = "<group>"; };
		9965AD3C2551EE6300E88127 /* Live SDK.app */ = {isa = PBXFileReference; explicitFileType = wrapper.application; includeInIndex = 0; path = "Live SDK.app"; sourceTree = BUILT_PRODUCTS_DIR; };
		9965AD3F2551EE6300E88127 /* AppDelegate.swift */ = {isa = PBXFileReference; lastKnownFileType = sourcecode.swift; path = AppDelegate.swift; sourceTree = "<group>"; };
		9965AD432551EE6300E88127 /* BasicApiViewController.swift */ = {isa = PBXFileReference; lastKnownFileType = sourcecode.swift; path = BasicApiViewController.swift; sourceTree = "<group>"; };
		9965AD482551EE6400E88127 /* Assets.xcassets */ = {isa = PBXFileReference; lastKnownFileType = folder.assetcatalog; path = Assets.xcassets; sourceTree = "<group>"; };
		9965AD4B2551EE6400E88127 /* Base */ = {isa = PBXFileReference; lastKnownFileType = file.storyboard; name = Base; path = Base.lproj/LaunchScreen.storyboard; sourceTree = "<group>"; };
		9965AD4D2551EE6400E88127 /* Info.plist */ = {isa = PBXFileReference; lastKnownFileType = text.plist.xml; path = Info.plist; sourceTree = "<group>"; };
		9965AD582551EED700E88127 /* LiveCore */ = {isa = PBXFileReference; lastKnownFileType = folder; name = LiveCore; path = ../..; sourceTree = "<group>"; };
		99C70E712719C3D3003FB2F6 /* LiveApiView.swift */ = {isa = PBXFileReference; lastKnownFileType = sourcecode.swift; path = LiveApiView.swift; sourceTree = "<group>"; };
/* End PBXFileReference section */

/* Begin PBXFrameworksBuildPhase section */
		9965AD392551EE6300E88127 /* Frameworks */ = {
			isa = PBXFrameworksBuildPhase;
			buildActionMask = 2147483647;
			files = (
				9942B00A274B7839003B7382 /* LiveUI in Frameworks */,
				991D78DE255C5911009341F1 /* Live in Frameworks */,
			);
			runOnlyForDeploymentPostprocessing = 0;
		};
/* End PBXFrameworksBuildPhase section */

/* Begin PBXGroup section */
		9965AD332551EE6300E88127 = {
			isa = PBXGroup;
			children = (
				9965AD582551EED700E88127 /* LiveCore */,
				9965AD3E2551EE6300E88127 /* LiveExampleAppUIKit */,
				9965AD3D2551EE6300E88127 /* Products */,
				9965AD5A2551EEF100E88127 /* Frameworks */,
			);
			sourceTree = "<group>";
		};
		9965AD3D2551EE6300E88127 /* Products */ = {
			isa = PBXGroup;
			children = (
				9965AD3C2551EE6300E88127 /* Live SDK.app */,
			);
			name = Products;
			sourceTree = "<group>";
		};
		9965AD3E2551EE6300E88127 /* LiveExampleAppUIKit */ = {
			isa = PBXGroup;
			children = (
				9965AD3F2551EE6300E88127 /* AppDelegate.swift */,
				9965AD432551EE6300E88127 /* BasicApiViewController.swift */,
				99C70E712719C3D3003FB2F6 /* LiveApiView.swift */,
				996323982747FC88001CD2D7 /* LiveApiViewModel.swift */,
				9965AD482551EE6400E88127 /* Assets.xcassets */,
				9965AD4A2551EE6400E88127 /* LaunchScreen.storyboard */,
				9965AD4D2551EE6400E88127 /* Info.plist */,
			);
			path = LiveExampleAppUIKit;
			sourceTree = "<group>";
		};
		9965AD5A2551EEF100E88127 /* Frameworks */ = {
			isa = PBXGroup;
			children = (
			);
			name = Frameworks;
			sourceTree = "<group>";
		};
/* End PBXGroup section */

/* Begin PBXNativeTarget section */
		9965AD3B2551EE6300E88127 /* SachasPotatoes */ = {
			isa = PBXNativeTarget;
			buildConfigurationList = 9965AD502551EE6400E88127 /* Build configuration list for PBXNativeTarget "SachasPotatoes" */;
			buildPhases = (
				9965AD382551EE6300E88127 /* Sources */,
				9965AD392551EE6300E88127 /* Frameworks */,
				9965AD3A2551EE6300E88127 /* Resources */,
			);
			buildRules = (
			);
			dependencies = (
			);
			name = SachasPotatoes;
			packageProductDependencies = (
				991D78DD255C5911009341F1 /* Live */,
				9942B009274B7839003B7382 /* LiveUI */,
			);
			productName = LiveExampleAppUIKit;
			productReference = 9965AD3C2551EE6300E88127 /* Live SDK.app */;
			productType = "com.apple.product-type.application";
		};
/* End PBXNativeTarget section */

/* Begin PBXProject section */
		9965AD342551EE6300E88127 /* Project object */ = {
			isa = PBXProject;
			attributes = {
				LastSwiftUpdateCheck = 1200;
				LastUpgradeCheck = 1200;
				TargetAttributes = {
					9965AD3B2551EE6300E88127 = {
						CreatedOnToolsVersion = 12.0;
					};
				};
			};
			buildConfigurationList = 9965AD372551EE6300E88127 /* Build configuration list for PBXProject "SachasPotatoes" */;
			compatibilityVersion = "Xcode 9.3";
			developmentRegion = en;
			hasScannedForEncodings = 0;
			knownRegions = (
				en,
				Base,
			);
			mainGroup = 9965AD332551EE6300E88127;
			productRefGroup = 9965AD3D2551EE6300E88127 /* Products */;
			projectDirPath = "";
			projectRoot = "";
			targets = (
				9965AD3B2551EE6300E88127 /* SachasPotatoes */,
			);
		};
/* End PBXProject section */

/* Begin PBXResourcesBuildPhase section */
		9965AD3A2551EE6300E88127 /* Resources */ = {
			isa = PBXResourcesBuildPhase;
			buildActionMask = 2147483647;
			files = (
				9965AD4C2551EE6400E88127 /* LaunchScreen.storyboard in Resources */,
				9965AD492551EE6400E88127 /* Assets.xcassets in Resources */,
			);
			runOnlyForDeploymentPostprocessing = 0;
		};
/* End PBXResourcesBuildPhase section */

/* Begin PBXSourcesBuildPhase section */
		9965AD382551EE6300E88127 /* Sources */ = {
			isa = PBXSourcesBuildPhase;
			buildActionMask = 2147483647;
			files = (
				9965AD442551EE6300E88127 /* BasicApiViewController.swift in Sources */,
				9965AD402551EE6300E88127 /* AppDelegate.swift in Sources */,
				99C70E722719C3D3003FB2F6 /* LiveApiView.swift in Sources */,
				996323992747FC88001CD2D7 /* LiveApiViewModel.swift in Sources */,
			);
			runOnlyForDeploymentPostprocessing = 0;
		};
/* End PBXSourcesBuildPhase section */

/* Begin PBXVariantGroup section */
		9965AD4A2551EE6400E88127 /* LaunchScreen.storyboard */ = {
			isa = PBXVariantGroup;
			children = (
				9965AD4B2551EE6400E88127 /* Base */,
			);
			name = LaunchScreen.storyboard;
			sourceTree = "<group>";
		};
/* End PBXVariantGroup section */

/* Begin XCBuildConfiguration section */
		9965AD4E2551EE6400E88127 /* Debug */ = {
			isa = XCBuildConfiguration;
			buildSettings = {
				ALWAYS_SEARCH_USER_PATHS = NO;
				CLANG_ANALYZER_NONNULL = YES;
				CLANG_ANALYZER_NUMBER_OBJECT_CONVERSION = YES_AGGRESSIVE;
				CLANG_CXX_LANGUAGE_STANDARD = "gnu++14";
				CLANG_CXX_LIBRARY = "libc++";
				CLANG_ENABLE_MODULES = YES;
				CLANG_ENABLE_OBJC_ARC = YES;
				CLANG_ENABLE_OBJC_WEAK = YES;
				CLANG_WARN_BLOCK_CAPTURE_AUTORELEASING = YES;
				CLANG_WARN_BOOL_CONVERSION = YES;
				CLANG_WARN_COMMA = YES;
				CLANG_WARN_CONSTANT_CONVERSION = YES;
				CLANG_WARN_DEPRECATED_OBJC_IMPLEMENTATIONS = YES;
				CLANG_WARN_DIRECT_OBJC_ISA_USAGE = YES_ERROR;
				CLANG_WARN_DOCUMENTATION_COMMENTS = YES;
				CLANG_WARN_EMPTY_BODY = YES;
				CLANG_WARN_ENUM_CONVERSION = YES;
				CLANG_WARN_INFINITE_RECURSION = YES;
				CLANG_WARN_INT_CONVERSION = YES;
				CLANG_WARN_NON_LITERAL_NULL_CONVERSION = YES;
				CLANG_WARN_OBJC_IMPLICIT_RETAIN_SELF = YES;
				CLANG_WARN_OBJC_LITERAL_CONVERSION = YES;
				CLANG_WARN_OBJC_ROOT_CLASS = YES_ERROR;
				CLANG_WARN_QUOTED_INCLUDE_IN_FRAMEWORK_HEADER = YES;
				CLANG_WARN_RANGE_LOOP_ANALYSIS = YES;
				CLANG_WARN_STRICT_PROTOTYPES = YES;
				CLANG_WARN_SUSPICIOUS_MOVE = YES;
				CLANG_WARN_UNGUARDED_AVAILABILITY = YES_AGGRESSIVE;
				CLANG_WARN_UNREACHABLE_CODE = YES;
				CLANG_WARN__DUPLICATE_METHOD_MATCH = YES;
				COPY_PHASE_STRIP = NO;
				DEBUG_INFORMATION_FORMAT = dwarf;
				ENABLE_STRICT_OBJC_MSGSEND = YES;
				ENABLE_TESTABILITY = YES;
				GCC_C_LANGUAGE_STANDARD = gnu11;
				GCC_DYNAMIC_NO_PIC = NO;
				GCC_NO_COMMON_BLOCKS = YES;
				GCC_OPTIMIZATION_LEVEL = 0;
				GCC_PREPROCESSOR_DEFINITIONS = (
					"DEBUG=1",
					"$(inherited)",
				);
				GCC_WARN_64_TO_32_BIT_CONVERSION = YES;
				GCC_WARN_ABOUT_RETURN_TYPE = YES_ERROR;
				GCC_WARN_UNDECLARED_SELECTOR = YES;
				GCC_WARN_UNINITIALIZED_AUTOS = YES_AGGRESSIVE;
				GCC_WARN_UNUSED_FUNCTION = YES;
				GCC_WARN_UNUSED_VARIABLE = YES;
				IPHONEOS_DEPLOYMENT_TARGET = 14.0;
				MTL_ENABLE_DEBUG_INFO = INCLUDE_SOURCE;
				MTL_FAST_MATH = YES;
				ONLY_ACTIVE_ARCH = YES;
				SDKROOT = iphoneos;
				SWIFT_ACTIVE_COMPILATION_CONDITIONS = DEBUG;
				SWIFT_OPTIMIZATION_LEVEL = "-Onone";
			};
			name = Debug;
		};
		9965AD4F2551EE6400E88127 /* Release */ = {
			isa = XCBuildConfiguration;
			buildSettings = {
				ALWAYS_SEARCH_USER_PATHS = NO;
				CLANG_ANALYZER_NONNULL = YES;
				CLANG_ANALYZER_NUMBER_OBJECT_CONVERSION = YES_AGGRESSIVE;
				CLANG_CXX_LANGUAGE_STANDARD = "gnu++14";
				CLANG_CXX_LIBRARY = "libc++";
				CLANG_ENABLE_MODULES = YES;
				CLANG_ENABLE_OBJC_ARC = YES;
				CLANG_ENABLE_OBJC_WEAK = YES;
				CLANG_WARN_BLOCK_CAPTURE_AUTORELEASING = YES;
				CLANG_WARN_BOOL_CONVERSION = YES;
				CLANG_WARN_COMMA = YES;
				CLANG_WARN_CONSTANT_CONVERSION = YES;
				CLANG_WARN_DEPRECATED_OBJC_IMPLEMENTATIONS = YES;
				CLANG_WARN_DIRECT_OBJC_ISA_USAGE = YES_ERROR;
				CLANG_WARN_DOCUMENTATION_COMMENTS = YES;
				CLANG_WARN_EMPTY_BODY = YES;
				CLANG_WARN_ENUM_CONVERSION = YES;
				CLANG_WARN_INFINITE_RECURSION = YES;
				CLANG_WARN_INT_CONVERSION = YES;
				CLANG_WARN_NON_LITERAL_NULL_CONVERSION = YES;
				CLANG_WARN_OBJC_IMPLICIT_RETAIN_SELF = YES;
				CLANG_WARN_OBJC_LITERAL_CONVERSION = YES;
				CLANG_WARN_OBJC_ROOT_CLASS = YES_ERROR;
				CLANG_WARN_QUOTED_INCLUDE_IN_FRAMEWORK_HEADER = YES;
				CLANG_WARN_RANGE_LOOP_ANALYSIS = YES;
				CLANG_WARN_STRICT_PROTOTYPES = YES;
				CLANG_WARN_SUSPICIOUS_MOVE = YES;
				CLANG_WARN_UNGUARDED_AVAILABILITY = YES_AGGRESSIVE;
				CLANG_WARN_UNREACHABLE_CODE = YES;
				CLANG_WARN__DUPLICATE_METHOD_MATCH = YES;
				COPY_PHASE_STRIP = NO;
				DEBUG_INFORMATION_FORMAT = "dwarf-with-dsym";
				ENABLE_NS_ASSERTIONS = NO;
				ENABLE_STRICT_OBJC_MSGSEND = YES;
				GCC_C_LANGUAGE_STANDARD = gnu11;
				GCC_NO_COMMON_BLOCKS = YES;
				GCC_WARN_64_TO_32_BIT_CONVERSION = YES;
				GCC_WARN_ABOUT_RETURN_TYPE = YES_ERROR;
				GCC_WARN_UNDECLARED_SELECTOR = YES;
				GCC_WARN_UNINITIALIZED_AUTOS = YES_AGGRESSIVE;
				GCC_WARN_UNUSED_FUNCTION = YES;
				GCC_WARN_UNUSED_VARIABLE = YES;
				IPHONEOS_DEPLOYMENT_TARGET = 14.0;
				MTL_ENABLE_DEBUG_INFO = NO;
				MTL_FAST_MATH = YES;
				SDKROOT = iphoneos;
				SWIFT_COMPILATION_MODE = wholemodule;
				SWIFT_OPTIMIZATION_LEVEL = "-O";
				VALIDATE_PRODUCT = YES;
			};
			name = Release;
		};
		9965AD512551EE6400E88127 /* Debug */ = {
			isa = XCBuildConfiguration;
			buildSettings = {
				ASSETCATALOG_COMPILER_APPICON_NAME = AppIcon;
				ASSETCATALOG_COMPILER_GLOBAL_ACCENT_COLOR_NAME = AccentColor;
				CODE_SIGN_IDENTITY = "Apple Development";
				CODE_SIGN_STYLE = Automatic;
				DEVELOPMENT_TEAM = F9564M5YZX;
				INFOPLIST_FILE = LiveExampleAppUIKit/Info.plist;
				LD_RUNPATH_SEARCH_PATHS = (
					"$(inherited)",
					"@executable_path/Frameworks",
				);
				PRODUCT_BUNDLE_IDENTIFIER = com.pbj.studio.sachaspotatoes;
				PRODUCT_NAME = "Live SDK";
				PROVISIONING_PROFILE_SPECIFIER = "";
				SWIFT_VERSION = 5.0;
				TARGETED_DEVICE_FAMILY = "1,2";
			};
			name = Debug;
		};
		9965AD522551EE6400E88127 /* Release */ = {
			isa = XCBuildConfiguration;
			buildSettings = {
				ASSETCATALOG_COMPILER_APPICON_NAME = AppIcon;
				ASSETCATALOG_COMPILER_GLOBAL_ACCENT_COLOR_NAME = AccentColor;
				CODE_SIGN_IDENTITY = "Apple Development";
				CODE_SIGN_STYLE = Automatic;
				DEVELOPMENT_TEAM = F9564M5YZX;
				INFOPLIST_FILE = LiveExampleAppUIKit/Info.plist;
				LD_RUNPATH_SEARCH_PATHS = (
					"$(inherited)",
					"@executable_path/Frameworks",
				);
				PRODUCT_BUNDLE_IDENTIFIER = com.pbj.studio.sachaspotatoes;
				PRODUCT_NAME = "Live SDK";
				PROVISIONING_PROFILE_SPECIFIER = "";
				SWIFT_VERSION = 5.0;
				TARGETED_DEVICE_FAMILY = "1,2";
			};
			name = Release;
		};
/* End XCBuildConfiguration section */

/* Begin XCConfigurationList section */
		9965AD372551EE6300E88127 /* Build configuration list for PBXProject "SachasPotatoes" */ = {
			isa = XCConfigurationList;
			buildConfigurations = (
				9965AD4E2551EE6400E88127 /* Debug */,
				9965AD4F2551EE6400E88127 /* Release */,
			);
			defaultConfigurationIsVisible = 0;
			defaultConfigurationName = Release;
		};
		9965AD502551EE6400E88127 /* Build configuration list for PBXNativeTarget "SachasPotatoes" */ = {
			isa = XCConfigurationList;
			buildConfigurations = (
				9965AD512551EE6400E88127 /* Debug */,
				9965AD522551EE6400E88127 /* Release */,
			);
			defaultConfigurationIsVisible = 0;
			defaultConfigurationName = Release;
		};
/* End XCConfigurationList section */

/* Begin XCSwiftPackageProductDependency section */
		991D78DD255C5911009341F1 /* Live */ = {
			isa = XCSwiftPackageProductDependency;
			productName = Live;
		};
		9942B009274B7839003B7382 /* LiveUI */ = {
			isa = XCSwiftPackageProductDependency;
			productName = LiveUI;
		};
/* End XCSwiftPackageProductDependency section */
	};
	rootObject = 9965AD342551EE6300E88127 /* Project object */;
}
